
Microsoft Visual Studio Solution File, Format Version 12.00
# Visual Studio Version 16
VisualStudioVersion = 16.0.30804.86
MinimumVisualStudioVersion = 10.0.40219.1
Project("{8BC9CEB8-8B4A-11D0-8D11-00A0C91BC942}") = "Lab 6.111", "Lab 6.111\Lab 6.111.vcxproj", "{ECE52E1F-87CB-4DC0-9C47-1C12530788BC}"
EndProject
Global
	GlobalSection(SolutionConfigurationPlatforms) = preSolution
		Debug|x64 = Debug|x64
		Debug|x86 = Debug|x86
		Release|x64 = Release|x64
		Release|x86 = Release|x86
	EndGlobalSection
	GlobalSection(ProjectConfigurationPlatforms) = postSolution
		{ECE52E1F-87CB-4DC0-9C47-1C12530788BC}.Debug|x64.ActiveCfg = Debug|x64
		{ECE52E1F-87CB-4DC0-9C47-1C12530788BC}.Debug|x64.Build.0 = Debug|x64
		{ECE52E1F-87CB-4DC0-9C47-1C12530788BC}.Debug|x86.ActiveCfg = Debug|Win32
		{ECE52E1F-87CB-4DC0-9C47-1C12530788BC}.Debug|x86.Build.0 = Debug|Win32
		{ECE52E1F-87CB-4DC0-9C47-1C12530788BC}.Release|x64.ActiveCfg = Release|x64
		{ECE52E1F-87CB-4DC0-9C47-1C12530788BC}.Release|x64.Build.0 = Release|x64
		{ECE52E1F-87CB-4DC0-9C47-1C12530788BC}.Release|x86.ActiveCfg = Release|Win32
		{ECE52E1F-87CB-4DC0-9C47-1C12530788BC}.Release|x86.Build.0 = Release|Win32
	EndGlobalSection
	GlobalSection(SolutionProperties) = preSolution
		HideSolutionNode = FALSE
	EndGlobalSection
	GlobalSection(ExtensibilityGlobals) = postSolution
		SolutionGuid = {10889838-74D1-40D4-B2E0-C12DC3B37F93}
	EndGlobalSection
EndGlobal
